{
  "nodes": {
    "flake-parts": {
      "inputs": {
        "nixpkgs-lib": "nixpkgs-lib"
      },
      "locked": {
        "lastModified": 1709336216,
        "narHash": "sha256-Dt/wOWeW6Sqm11Yh+2+t0dfEWxoMxGBvv3JpIocFl9E=",
        "owner": "hercules-ci",
        "repo": "flake-parts",
        "rev": "f7b3c975cf067e56e7cda6cb098ebe3fb4d74ca2",
        "type": "github"
      },
      "original": {
        "owner": "hercules-ci",
        "repo": "flake-parts",
        "type": "github"
      }
    },
    "flake-utils": {
      "inputs": {
        "systems": "systems"
      },
      "locked": {
        "lastModified": 1710146030,
        "narHash": "sha256-SZ5L6eA7HJ/nmkzGG7/ISclqe6oZdOZTNoesiInkXPQ=",
        "owner": "numtide",
        "repo": "flake-utils",
        "rev": "b1d9ab70662946ef0850d488da1c9019f3a9752a",
        "type": "github"
      },
      "original": {
        "owner": "numtide",
        "repo": "flake-utils",
        "type": "github"
      }
    },
    "flake-utils_2": {
      "inputs": {
        "systems": [
          "mc-config",
          "systems"
        ]
      },
      "locked": {
        "lastModified": 1710146030,
        "narHash": "sha256-SZ5L6eA7HJ/nmkzGG7/ISclqe6oZdOZTNoesiInkXPQ=",
        "owner": "numtide",
        "repo": "flake-utils",
        "rev": "b1d9ab70662946ef0850d488da1c9019f3a9752a",
        "type": "github"
      },
      "original": {
        "owner": "numtide",
        "repo": "flake-utils",
        "type": "github"
      }
    },
    "mc-config": {
      "inputs": {
        "flake-parts": [
          "flake-parts"
        ],
        "flake-utils": "flake-utils_2",
        "minecraft-json": "minecraft-json",
        "minecraft-nix": "minecraft-nix",
        "nixpkgs": [
          "nixpkgs"
        ],
        "systems": "systems_2",
        "treefmt-nix": [
          "treefmt-nix"
        ]
      },
      "locked": {
        "lastModified": 1711633278,
        "narHash": "sha256-uoafZerFaZ2zQZqC13ERnJnNl34EhI5oXpVprOghwDE=",
        "owner": "linyinfeng",
        "repo": "mc-config",
        "rev": "d310e62ca1a26f1bca478ecabb25b1052bb1f8a1",
        "type": "github"
      },
      "original": {
        "owner": "linyinfeng",
        "repo": "mc-config",
        "type": "github"
      }
    },
    "minecraft-json": {
      "inputs": {
        "flake-utils": [
          "mc-config",
          "flake-utils"
        ],
        "nixpkgs": [
          "mc-config",
          "nixpkgs"
        ]
      },
      "locked": {
        "lastModified": 1711588272,
        "narHash": "sha256-JA5XV986/Mr0ulXHLe8/qMAQBXZfktrcGJJl7CaTDog=",
        "owner": "ninlives",
        "repo": "minecraft.json",
        "rev": "c975ee5a452bac1f3074a241e95d81c0fa38a066",
        "type": "github"
      },
      "original": {
        "owner": "ninlives",
        "repo": "minecraft.json",
        "type": "github"
      }
    },
    "minecraft-nix": {
      "inputs": {
        "flake-utils": [
          "mc-config",
          "flake-utils"
        ],
        "metadata": [
          "mc-config",
          "minecraft-json"
        ],
        "nixpkgs": [
          "mc-config",
          "nixpkgs"
        ]
      },
      "locked": {
        "lastModified": 1711588018,
        "narHash": "sha256-kbj3pLM6kTVJaIh/9nJdd1ZE0MoD3Cnd8Wz6CUdT1jI=",
        "owner": "ninlives",
        "repo": "minecraft.nix",
        "rev": "9309ef0f0c653d88d81b8a0f2324ef9f0d290916",
        "type": "github"
      },
      "original": {
        "owner": "ninlives",
        "repo": "minecraft.nix",
        "type": "github"
      }
    },
    "nixpkgs": {
      "locked": {
        "lastModified": 1711523803,
        "narHash": "sha256-UKcYiHWHQynzj6CN/vTcix4yd1eCu1uFdsuarupdCQQ=",
        "owner": "nixos",
        "repo": "nixpkgs",
        "rev": "2726f127c15a4cc9810843b96cad73c7eb39e443",
        "type": "github"
      },
      "original": {
        "owner": "nixos",
        "ref": "nixos-unstable",
        "repo": "nixpkgs",
        "type": "github"
      }
    },
    "nixpkgs-lib": {
      "locked": {
        "dir": "lib",
        "lastModified": 1709237383,
        "narHash": "sha256-cy6ArO4k5qTx+l5o+0mL9f5fa86tYUX3ozE1S+Txlds=",
        "owner": "NixOS",
        "repo": "nixpkgs",
        "rev": "1536926ef5621b09bba54035ae2bb6d806d72ac8",
        "type": "github"
      },
      "original": {
        "dir": "lib",
        "owner": "NixOS",
        "ref": "nixos-unstable",
        "repo": "nixpkgs",
        "type": "github"
      }
    },
    "root": {
      "inputs": {
        "flake-parts": "flake-parts",
        "flake-utils": "flake-utils",
        "mc-config": "mc-config",
        "nixpkgs": "nixpkgs",
        "treefmt-nix": "treefmt-nix"
      }
    },
    "systems": {
      "locked": {
        "lastModified": 1681028828,
        "narHash": "sha256-Vy1rq5AaRuLzOxct8nz4T6wlgyUR7zLU309k9mBC768=",
        "owner": "nix-systems",
        "repo": "default",
        "rev": "da67096a3b9bf56a91d16901293e51ba5b49a27e",
        "type": "github"
      },
      "original": {
        "owner": "nix-systems",
        "repo": "default",
        "type": "github"
      }
    },
    "systems_2": {
      "locked": {
        "lastModified": 1681028828,
        "narHash": "sha256-Vy1rq5AaRuLzOxct8nz4T6wlgyUR7zLU309k9mBC768=",
        "owner": "nix-systems",
        "repo": "default",
        "rev": "da67096a3b9bf56a91d16901293e51ba5b49a27e",
        "type": "github"
      },
      "original": {
        "owner": "nix-systems",
        "repo": "default",
        "type": "github"
      }
    },
    "treefmt-nix": {
      "inputs": {
        "nixpkgs": [
          "nixpkgs"
        ]
      },
      "locked": {
        "lastModified": 1711531821,
        "narHash": "sha256-5n4hq7PsH8g9czJ5HvXpVrJ4AiJdzrutHK01oKIaCXE=",
        "owner": "numtide",
        "repo": "treefmt-nix",
        "rev": "c2172ef83d6904cdff3118e0c08e89171db6028a",
        "type": "github"
      },
      "original": {
        "owner": "numtide",
        "repo": "treefmt-nix",
        "type": "github"
      }
    }
  },
  "root": "root",
  "version": 7
}
