{
  "nodes": {
    "flake-parts": {
      "inputs": {
        "nixpkgs-lib": "nixpkgs-lib"
      },
      "locked": {
        "lastModified": 1719745305,
        "narHash": "sha256-xwgjVUpqSviudEkpQnioeez1Uo2wzrsMaJKJClh+Bls=",
        "owner": "hercules-ci",
        "repo": "flake-parts",
        "rev": "c3c5ecc05edc7dafba779c6c1a61cd08ac6583e9",
        "type": "github"
      },
      "original": {
        "owner": "hercules-ci",
        "repo": "flake-parts",
        "type": "github"
      }
    },
    "flake-utils": {
      "inputs": {
        "systems": "systems"
      },
      "locked": {
        "lastModified": 1710146030,
        "narHash": "sha256-SZ5L6eA7HJ/nmkzGG7/ISclqe6oZdOZTNoesiInkXPQ=",
        "owner": "numtide",
        "repo": "flake-utils",
        "rev": "b1d9ab70662946ef0850d488da1c9019f3a9752a",
        "type": "github"
      },
      "original": {
        "owner": "numtide",
        "repo": "flake-utils",
        "type": "github"
      }
    },
    "flake-utils_2": {
      "inputs": {
        "systems": [
          "mc-config",
          "systems"
        ]
      },
      "locked": {
        "lastModified": 1710146030,
        "narHash": "sha256-SZ5L6eA7HJ/nmkzGG7/ISclqe6oZdOZTNoesiInkXPQ=",
        "owner": "numtide",
        "repo": "flake-utils",
        "rev": "b1d9ab70662946ef0850d488da1c9019f3a9752a",
        "type": "github"
      },
      "original": {
        "owner": "numtide",
        "repo": "flake-utils",
        "type": "github"
      }
    },
    "mc-config": {
      "inputs": {
        "flake-parts": [
          "flake-parts"
        ],
        "flake-utils": "flake-utils_2",
        "minecraft-json": "minecraft-json",
        "minecraft-nix": "minecraft-nix",
        "nixpkgs": [
          "nixpkgs"
        ],
        "systems": "systems_2",
        "treefmt-nix": [
          "treefmt-nix"
        ]
      },
      "locked": {
        "lastModified": 1719855957,
        "narHash": "sha256-LXwOJ9lKfC5KEhBI+4Fcu0t+SKtHMammLh6CvHf1xe4=",
        "owner": "linyinfeng",
        "repo": "mc-config",
        "rev": "bc5db45af09923af2499b15ead1564c03f2f8a85",
        "type": "github"
      },
      "original": {
        "owner": "linyinfeng",
        "repo": "mc-config",
        "type": "github"
      }
    },
    "minecraft-json": {
      "inputs": {
        "flake-utils": [
          "mc-config",
          "flake-utils"
        ],
        "nixpkgs": [
          "mc-config",
          "nixpkgs"
        ]
      },
      "locked": {
        "lastModified": 1718327830,
        "narHash": "sha256-NUKnHgKUoYcO01u1/eWHkk/Et2Cdd1wOL0zg3tQ06q0=",
        "owner": "ninlives",
        "repo": "minecraft.json",
        "rev": "7131eeebc41878cbc8947a60024de5a67061668c",
        "type": "github"
      },
      "original": {
        "owner": "ninlives",
        "repo": "minecraft.json",
        "type": "github"
      }
    },
    "minecraft-nix": {
      "inputs": {
        "flake-utils": [
          "mc-config",
          "flake-utils"
        ],
        "metadata": [
          "mc-config",
          "minecraft-json"
        ],
        "nixpkgs": [
          "mc-config",
          "nixpkgs"
        ]
      },
      "locked": {
        "lastModified": 1719796995,
        "narHash": "sha256-31FokUZoQsk40ZirpyVbTU2CJ7CsKbg2Kj9Fs096aiQ=",
        "owner": "ninlives",
        "repo": "minecraft.nix",
        "rev": "1a67005808c085a8e513a6d3e7928afe158f9217",
        "type": "github"
      },
      "original": {
        "owner": "ninlives",
        "repo": "minecraft.nix",
        "type": "github"
      }
    },
    "nixpkgs": {
      "locked": {
        "lastModified": 1719690277,
        "narHash": "sha256-0xSej1g7eP2kaUF+JQp8jdyNmpmCJKRpO12mKl/36Kc=",
        "owner": "nixos",
        "repo": "nixpkgs",
        "rev": "2741b4b489b55df32afac57bc4bfd220e8bf617e",
        "type": "github"
      },
      "original": {
        "owner": "nixos",
        "ref": "nixos-unstable",
        "repo": "nixpkgs",
        "type": "github"
      }
    },
    "nixpkgs-lib": {
      "locked": {
        "lastModified": 1717284937,
        "narHash": "sha256-lIbdfCsf8LMFloheeE6N31+BMIeixqyQWbSr2vk79EQ=",
        "type": "tarball",
        "url": "https://github.com/NixOS/nixpkgs/archive/eb9ceca17df2ea50a250b6b27f7bf6ab0186f198.tar.gz"
      },
      "original": {
        "type": "tarball",
        "url": "https://github.com/NixOS/nixpkgs/archive/eb9ceca17df2ea50a250b6b27f7bf6ab0186f198.tar.gz"
      }
    },
    "root": {
      "inputs": {
        "flake-parts": "flake-parts",
        "flake-utils": "flake-utils",
        "mc-config": "mc-config",
        "nixpkgs": "nixpkgs",
        "treefmt-nix": "treefmt-nix"
      }
    },
    "systems": {
      "locked": {
        "lastModified": 1681028828,
        "narHash": "sha256-Vy1rq5AaRuLzOxct8nz4T6wlgyUR7zLU309k9mBC768=",
        "owner": "nix-systems",
        "repo": "default",
        "rev": "da67096a3b9bf56a91d16901293e51ba5b49a27e",
        "type": "github"
      },
      "original": {
        "owner": "nix-systems",
        "repo": "default",
        "type": "github"
      }
    },
    "systems_2": {
      "locked": {
        "lastModified": 1681028828,
        "narHash": "sha256-Vy1rq5AaRuLzOxct8nz4T6wlgyUR7zLU309k9mBC768=",
        "owner": "nix-systems",
        "repo": "default",
        "rev": "da67096a3b9bf56a91d16901293e51ba5b49a27e",
        "type": "github"
      },
      "original": {
        "owner": "nix-systems",
        "repo": "default",
        "type": "github"
      }
    },
    "treefmt-nix": {
      "inputs": {
        "nixpkgs": [
          "nixpkgs"
        ]
      },
      "locked": {
        "lastModified": 1719846448,
        "narHash": "sha256-UucUMHrTLSVryb8r2cqJFsYnKleK2586SmwD4uRdxmY=",
        "owner": "numtide",
        "repo": "treefmt-nix",
        "rev": "a103c909a918b95e25cde52fd08da2d012a64299",
        "type": "github"
      },
      "original": {
        "owner": "numtide",
        "repo": "treefmt-nix",
        "type": "github"
      }
    }
  },
  "root": "root",
  "version": 7
}
