{
  "mods": [
    {
      "filename": "fabric-api-0.78.0+1.19.4.jar",
      "file": {
        "url": "https://cdn.modrinth.com/data/P7dR8mSH/versions/unERf4ZJ/fabric-api-0.78.0%2B1.19.4.jar",
        "sha512": "4c20197ec5680711b062787a2bf057bffa443ce0e7c6d575ba0f611eb51b525c595dab20493747cd001d5994e70b8e1f0af89f4a57d780709c653dad4f1868e0"
      }
    },
    {
      "filename": "cloth-config-10.0.96-fabric.jar",
      "file": {
        "url": "https://cdn.modrinth.com/data/9s6osm5g/versions/6XGTNEII/cloth-config-10.0.96-fabric.jar",
        "sha512": "2c2ca9ad15fa08e0013505e0fbd661e0ff9861eba5df175037cc948197d7d9c4c6983d0f026321a71e7855fc4941e279ede9c930e2ca373b38402dfd70cc6376"
      }
    },
    {
      "filename": "RoughlyEnoughItems-11.0.597.jar",
      "file": {
        "url": "https://edge.forgecdn.net/files/4440/734/RoughlyEnoughItems-11.0.597.jar",
        "sha1": "53eedebdeff9d1b44c7bb82f77afb2b3aadf65fb"
      }
    },
    {
      "filename": "sodium-fabric-mc1.19.4-0.4.10+build.24.jar",
      "file": {
        "url": "https://cdn.modrinth.com/data/AANobbMI/versions/b4hTi3mo/sodium-fabric-mc1.19.4-0.4.10%2Bbuild.24.jar",
        "sha512": "61562626870aa4067657d2687d1fce80fb7d62af32fd68a22708e24ee5b84b39d16b26ccf4db8f53f2da42ba1916d6a5e11efc476cb5c2a8644207659fd5dfef"
      }
    },
    {
      "filename": "architectury-8.1.79-fabric.jar",
      "file": {
        "url": "https://cdn.modrinth.com/data/lhGA9TYQ/versions/tJGqxo3S/architectury-8.1.79-fabric.jar",
        "sha512": "d09326b83c8ca179b32397a79f6e65f200813da6e5d4796cedecc8cabb86885348ee4b30b592807fd6e3c2ddcdbb7f9e3ec955b8917ce02b16e3bcc148a45f4c"
      }
    },
    {
      "filename": "Xaeros_Minimap_23.3.3_Fabric_1.19.4.jar",
      "file": {
        "url": "https://edge.forgecdn.net/files/4470/60/Xaeros_Minimap_23.3.3_Fabric_1.19.4.jar",
        "sha1": "d625d3626bc5a4eeac5a11648e3fe251d1d6ba05"
      }
    }
  ]
}